
Microsoft Visual Studio Solution File, Format Version 12.00
# Visual Studio Version 18
VisualStudioVersion = 18.1.11312.151 d18.0
MinimumVisualStudioVersion = 10.0.40219.1
Project("{FAE04EC0-301F-11D3-BF4B-00C04F79EFBC}") = "IntroductionToAPI", "IntroductionToAPI.csproj", "{98D1CD60-C366-EFAA-7A73-6F93B8B5288A}"
EndProject
Global
	GlobalSection(SolutionConfigurationPlatforms) = preSolution
		Debug|Any CPU = Debug|Any CPU
		Release|Any CPU = Release|Any CPU
	EndGlobalSection
	GlobalSection(ProjectConfigurationPlatforms) = postSolution
		{98D1CD60-C366-EFAA-7A73-6F93B8B5288A}.Debug|Any CPU.ActiveCfg = Debug|Any CPU
		{98D1CD60-C366-EFAA-7A73-6F93B8B5288A}.Debug|Any CPU.Build.0 = Debug|Any CPU
		{98D1CD60-C366-EFAA-7A73-6F93B8B5288A}.Release|Any CPU.ActiveCfg = Release|Any CPU
		{98D1CD60-C366-EFAA-7A73-6F93B8B5288A}.Release|Any CPU.Build.0 = Release|Any CPU
	EndGlobalSection
	GlobalSection(SolutionProperties) = preSolution
		HideSolutionNode = FALSE
	EndGlobalSection
	GlobalSection(ExtensibilityGlobals) = postSolution
		SolutionGuid = {A9E9733C-1A20-44D0-A753-EEA9233E2901}
	EndGlobalSection
EndGlobal
